
Microsoft Visual Studio Solution File, Format Version 12.00
# Visual Studio Version 16
VisualStudioVersion = 16.0.30717.126
MinimumVisualStudioVersion = 10.0.40219.1
Project("{FAE04EC0-301F-11D3-BF4B-00C04F79EFBC}") = "Hz.Libraries.Messaging", "Hz.Libraries.Messaging\Hz.Libraries.Messaging.csproj", "{07201508-D880-4942-A31A-BF64454F064C}"
EndProject
Project("{FAE04EC0-301F-11D3-BF4B-00C04F79EFBC}") = "TestMessagingLib", "TestMessagingLib\TestMessagingLib.csproj", "{47A5C77F-26D7-4D97-8BFC-D25792942A2B}"
EndProject
Global
	GlobalSection(SolutionConfigurationPlatforms) = preSolution
		Debug|Any CPU = Debug|Any CPU
		Release|Any CPU = Release|Any CPU
	EndGlobalSection
	GlobalSection(ProjectConfigurationPlatforms) = postSolution
		{07201508-D880-4942-A31A-BF64454F064C}.Debug|Any CPU.ActiveCfg = Debug|Any CPU
		{07201508-D880-4942-A31A-BF64454F064C}.Debug|Any CPU.Build.0 = Debug|Any CPU
		{07201508-D880-4942-A31A-BF64454F064C}.Release|Any CPU.ActiveCfg = Release|Any CPU
		{07201508-D880-4942-A31A-BF64454F064C}.Release|Any CPU.Build.0 = Release|Any CPU
		{47A5C77F-26D7-4D97-8BFC-D25792942A2B}.Debug|Any CPU.ActiveCfg = Debug|Any CPU
		{47A5C77F-26D7-4D97-8BFC-D25792942A2B}.Debug|Any CPU.Build.0 = Debug|Any CPU
		{47A5C77F-26D7-4D97-8BFC-D25792942A2B}.Release|Any CPU.ActiveCfg = Release|Any CPU
		{47A5C77F-26D7-4D97-8BFC-D25792942A2B}.Release|Any CPU.Build.0 = Release|Any CPU
	EndGlobalSection
	GlobalSection(SolutionProperties) = preSolution
		HideSolutionNode = FALSE
	EndGlobalSection
	GlobalSection(ExtensibilityGlobals) = postSolution
		SolutionGuid = {90C7EB92-73E8-40B7-943F-AC87A61EBBB5}
	EndGlobalSection
EndGlobal
